
Microsoft Visual Studio Solution File, Format Version 12.00
# Visual Studio Version 17
VisualStudioVersion = 17.5.33627.172
MinimumVisualStudioVersion = 10.0.40219.1
Project("{9A19103F-16F7-4668-BE54-9A1E7A4F7556}") = "DigitalLibrary", "DigitalLibrary\DigitalLibrary.csproj", "{92B7B4DD-4E97-4BB8-B2CD-129904DEC4BD}"
EndProject
Project("{9A19103F-16F7-4668-BE54-9A1E7A4F7556}") = "Persistance", "Persistance\Persistance.csproj", "{AC169B2F-0BB0-405D-AC19-05005DEF72C9}"
EndProject
Project("{9A19103F-16F7-4668-BE54-9A1E7A4F7556}") = "Service", "Service\Service.csproj", "{D988FE4B-4723-4092-8320-4A2C54F3DDD7}"
EndProject
Project("{9A19103F-16F7-4668-BE54-9A1E7A4F7556}") = "Domain", "Domain\Domain.csproj", "{8DE08268-C925-4347-8938-EBF69A8F81FA}"
EndProject
Project("{2150E333-8FDC-42A3-9474-1A3956D46DE8}") = "Solution Items", "Solution Items", "{A0DEEA5F-2935-43FC-9077-EA9B8BA9A9E2}"
	ProjectSection(SolutionItems) = preProject
		docker-compose.yml = docker-compose.yml
	EndProjectSection
EndProject
Global
	GlobalSection(SolutionConfigurationPlatforms) = preSolution
		Debug|Any CPU = Debug|Any CPU
		Release|Any CPU = Release|Any CPU
	EndGlobalSection
	GlobalSection(ProjectConfigurationPlatforms) = postSolution
		{92B7B4DD-4E97-4BB8-B2CD-129904DEC4BD}.Debug|Any CPU.ActiveCfg = Debug|Any CPU
		{92B7B4DD-4E97-4BB8-B2CD-129904DEC4BD}.Debug|Any CPU.Build.0 = Debug|Any CPU
		{92B7B4DD-4E97-4BB8-B2CD-129904DEC4BD}.Release|Any CPU.ActiveCfg = Release|Any CPU
		{92B7B4DD-4E97-4BB8-B2CD-129904DEC4BD}.Release|Any CPU.Build.0 = Release|Any CPU
		{AC169B2F-0BB0-405D-AC19-05005DEF72C9}.Debug|Any CPU.ActiveCfg = Debug|Any CPU
		{AC169B2F-0BB0-405D-AC19-05005DEF72C9}.Debug|Any CPU.Build.0 = Debug|Any CPU
		{AC169B2F-0BB0-405D-AC19-05005DEF72C9}.Release|Any CPU.ActiveCfg = Release|Any CPU
		{AC169B2F-0BB0-405D-AC19-05005DEF72C9}.Release|Any CPU.Build.0 = Release|Any CPU
		{D988FE4B-4723-4092-8320-4A2C54F3DDD7}.Debug|Any CPU.ActiveCfg = Debug|Any CPU
		{D988FE4B-4723-4092-8320-4A2C54F3DDD7}.Debug|Any CPU.Build.0 = Debug|Any CPU
		{D988FE4B-4723-4092-8320-4A2C54F3DDD7}.Release|Any CPU.ActiveCfg = Release|Any CPU
		{D988FE4B-4723-4092-8320-4A2C54F3DDD7}.Release|Any CPU.Build.0 = Release|Any CPU
		{8DE08268-C925-4347-8938-EBF69A8F81FA}.Debug|Any CPU.ActiveCfg = Debug|Any CPU
		{8DE08268-C925-4347-8938-EBF69A8F81FA}.Debug|Any CPU.Build.0 = Debug|Any CPU
		{8DE08268-C925-4347-8938-EBF69A8F81FA}.Release|Any CPU.ActiveCfg = Release|Any CPU
		{8DE08268-C925-4347-8938-EBF69A8F81FA}.Release|Any CPU.Build.0 = Release|Any CPU
	EndGlobalSection
	GlobalSection(SolutionProperties) = preSolution
		HideSolutionNode = FALSE
	EndGlobalSection
	GlobalSection(ExtensibilityGlobals) = postSolution
		SolutionGuid = {8156C832-FFB3-4070-BA7A-E0F366E320E3}
	EndGlobalSection
EndGlobal
